
Microsoft Visual Studio Solution File, Format Version 12.00
# Visual Studio Version 17
VisualStudioVersion = 17.8.34408.163
MinimumVisualStudioVersion = 10.0.40219.1
Project("{FAE04EC0-301F-11D3-BF4B-00C04F79EFBC}") = "Задачи по массивам 2", "Задачи по массивам 2\Задачи по массивам 2.csproj", "{9349070A-AF5A-4398-953D-AFECCED65D7B}"
EndProject
Global
	GlobalSection(SolutionConfigurationPlatforms) = preSolution
		Debug|Any CPU = Debug|Any CPU
		Release|Any CPU = Release|Any CPU
	EndGlobalSection
	GlobalSection(ProjectConfigurationPlatforms) = postSolution
		{9349070A-AF5A-4398-953D-AFECCED65D7B}.Debug|Any CPU.ActiveCfg = Debug|Any CPU
		{9349070A-AF5A-4398-953D-AFECCED65D7B}.Debug|Any CPU.Build.0 = Debug|Any CPU
		{9349070A-AF5A-4398-953D-AFECCED65D7B}.Release|Any CPU.ActiveCfg = Release|Any CPU
		{9349070A-AF5A-4398-953D-AFECCED65D7B}.Release|Any CPU.Build.0 = Release|Any CPU
	EndGlobalSection
	GlobalSection(SolutionProperties) = preSolution
		HideSolutionNode = FALSE
	EndGlobalSection
	GlobalSection(ExtensibilityGlobals) = postSolution
		SolutionGuid = {42AD464A-75CC-46EF-A18D-DA7911B945A8}
	EndGlobalSection
EndGlobal
