
Microsoft Visual Studio Solution File, Format Version 12.00
# Visual Studio Version 17
VisualStudioVersion = 17.8.34408.163
MinimumVisualStudioVersion = 10.0.40219.1
Project("{FAE04EC0-301F-11D3-BF4B-00C04F79EFBC}") = "Задачи по массивам 3", "Задачи по массивам 3\Задачи по массивам 3.csproj", "{70970617-87AD-46BD-82B8-5B42EAFF84A9}"
EndProject
Global
	GlobalSection(SolutionConfigurationPlatforms) = preSolution
		Debug|Any CPU = Debug|Any CPU
		Release|Any CPU = Release|Any CPU
	EndGlobalSection
	GlobalSection(ProjectConfigurationPlatforms) = postSolution
		{70970617-87AD-46BD-82B8-5B42EAFF84A9}.Debug|Any CPU.ActiveCfg = Debug|Any CPU
		{70970617-87AD-46BD-82B8-5B42EAFF84A9}.Debug|Any CPU.Build.0 = Debug|Any CPU
		{70970617-87AD-46BD-82B8-5B42EAFF84A9}.Release|Any CPU.ActiveCfg = Release|Any CPU
		{70970617-87AD-46BD-82B8-5B42EAFF84A9}.Release|Any CPU.Build.0 = Release|Any CPU
	EndGlobalSection
	GlobalSection(SolutionProperties) = preSolution
		HideSolutionNode = FALSE
	EndGlobalSection
	GlobalSection(ExtensibilityGlobals) = postSolution
		SolutionGuid = {E106DD72-57B0-4612-BB4D-4C0D891FE7AC}
	EndGlobalSection
EndGlobal
